
Microsoft Visual Studio Solution File, Format Version 12.00
# Visual Studio Version 17
VisualStudioVersion = 17.9.34728.123
MinimumVisualStudioVersion = 10.0.40219.1
Project("{9A19103F-16F7-4668-BE54-9A1E7A4F7556}") = "DailyTools", "DailyTools\DailyTools.csproj", "{5FD021AB-50AE-49EE-8AD8-1CE59B10EA68}"
EndProject
Global
	GlobalSection(SolutionConfigurationPlatforms) = preSolution
		Debug|Any CPU = Debug|Any CPU
		Release|Any CPU = Release|Any CPU
	EndGlobalSection
	GlobalSection(ProjectConfigurationPlatforms) = postSolution
		{5FD021AB-50AE-49EE-8AD8-1CE59B10EA68}.Debug|Any CPU.ActiveCfg = Debug|Any CPU
		{5FD021AB-50AE-49EE-8AD8-1CE59B10EA68}.Debug|Any CPU.Build.0 = Debug|Any CPU
		{5FD021AB-50AE-49EE-8AD8-1CE59B10EA68}.Release|Any CPU.ActiveCfg = Release|Any CPU
		{5FD021AB-50AE-49EE-8AD8-1CE59B10EA68}.Release|Any CPU.Build.0 = Release|Any CPU
	EndGlobalSection
	GlobalSection(SolutionProperties) = preSolution
		HideSolutionNode = FALSE
	EndGlobalSection
	GlobalSection(ExtensibilityGlobals) = postSolution
		SolutionGuid = {CF0FDFA6-2CB7-4DB1-8056-4C3DCE68BA94}
	EndGlobalSection
EndGlobal
